// !$*UTF8*$!
{
	archiveVersion = 1;
	classes = {
	};
	objectVersion = 51;
	objects = {

/* Begin PBXBuildFile section */
		3818F9F7250022C300EDC9F4 /* WeatherHandler.swift in Sources */ = {isa = PBXBuildFile; fileRef = 3818F9F6250022C300EDC9F4 /* WeatherHandler.swift */; };
		3818F9FB25002B5500EDC9F4 /* Weather Model.swift in Sources */ = {isa = PBXBuildFile; fileRef = 3818F9FA25002B5500EDC9F4 /* Weather Model.swift */; };
		3892574B24FF2FBD008ABECA /* AppDelegate.swift in Sources */ = {isa = PBXBuildFile; fileRef = 3892574A24FF2FBD008ABECA /* AppDelegate.swift */; };
		3892574D24FF2FBD008ABECA /* SceneDelegate.swift in Sources */ = {isa = PBXBuildFile; fileRef = 3892574C24FF2FBD008ABECA /* SceneDelegate.swift */; };
		3892574F24FF2FBD008ABECA /* ViewController.swift in Sources */ = {isa = PBXBuildFile; fileRef = 3892574E24FF2FBD008ABECA /* ViewController.swift */; };
		3892575224FF2FBD008ABECA /* Main.storyboard in Resources */ = {isa = PBXBuildFile; fileRef = 3892575024FF2FBD008ABECA /* Main.storyboard */; };
		3892575424FF2FBF008ABECA /* Assets.xcassets in Resources */ = {isa = PBXBuildFile; fileRef = 3892575324FF2FBF008ABECA /* Assets.xcassets */; };
		3892575724FF2FBF008ABECA /* LaunchScreen.storyboard in Resources */ = {isa = PBXBuildFile; fileRef = 3892575524FF2FBF008ABECA /* LaunchScreen.storyboard */; };
		DF4E1705A6B8E7C1BAE7447A /* Pods_WeatherApp.framework in Frameworks */ = {isa = PBXBuildFile; fileRef = 062E17056BDF17A121254847 /* Pods_WeatherApp.framework */; };
/* End PBXBuildFile section */

/* Begin PBXFileReference section */
		062E17056BDF17A121254847 /* Pods_WeatherApp.framework */ = {isa = PBXFileReference; explicitFileType = wrapper.framework; includeInIndex = 0; path = Pods_WeatherApp.framework; sourceTree = BUILT_PRODUCTS_DIR; };
		3818F9F6250022C300EDC9F4 /* WeatherHandler.swift */ = {isa = PBXFileReference; lastKnownFileType = sourcecode.swift; path = WeatherHandler.swift; sourceTree = "<group>"; };
		3818F9FA25002B5500EDC9F4 /* Weather Model.swift */ = {isa = PBXFileReference; lastKnownFileType = sourcecode.swift; path = "Weather Model.swift"; sourceTree = "<group>"; };
		3892574724FF2FBD008ABECA /* WeatherApp.app */ = {isa = PBXFileReference; explicitFileType = wrapper.application; includeInIndex = 0; path = WeatherApp.app; sourceTree = BUILT_PRODUCTS_DIR; };
		3892574A24FF2FBD008ABECA /* AppDelegate.swift */ = {isa = PBXFileReference; lastKnownFileType = sourcecode.swift; path = AppDelegate.swift; sourceTree = "<group>"; };
		3892574C24FF2FBD008ABECA /* SceneDelegate.swift */ = {isa = PBXFileReference; lastKnownFileType = sourcecode.swift; path = SceneDelegate.swift; sourceTree = "<group>"; };
		3892574E24FF2FBD008ABECA /* ViewController.swift */ = {isa = PBXFileReference; lastKnownFileType = sourcecode.swift; path = ViewController.swift; sourceTree = "<group>"; };
		3892575124FF2FBD008ABECA /* Base */ = {isa = PBXFileReference; lastKnownFileType = file.storyboard; name = Base; path = Base.lproj/Main.storyboard; sourceTree = "<group>"; };
		3892575324FF2FBF008ABECA /* Assets.xcassets */ = {isa = PBXFileReference; lastKnownFileType = folder.assetcatalog; path = Assets.xcassets; sourceTree = "<group>"; };
		3892575624FF2FBF008ABECA /* Base */ = {isa = PBXFileReference; lastKnownFileType = file.storyboard; name = Base; path = Base.lproj/LaunchScreen.storyboard; sourceTree = "<group>"; };
		3892575824FF2FBF008ABECA /* Info.plist */ = {isa = PBXFileReference; lastKnownFileType = text.plist.xml; path = Info.plist; sourceTree = "<group>"; };
		5FAAD7D1B07F871956C7A827 /* Pods-WeatherApp.debug.xcconfig */ = {isa = PBXFileReference; includeInIndex = 1; lastKnownFileType = text.xcconfig; name = "Pods-WeatherApp.debug.xcconfig"; path = "Target Support Files/Pods-WeatherApp/Pods-WeatherApp.debug.xcconfig"; sourceTree = "<group>"; };
		87BBEC19A027C77938B0664F /* Pods-WeatherApp.release.xcconfig */ = {isa = PBXFileReference; includeInIndex = 1; lastKnownFileType = text.xcconfig; name = "Pods-WeatherApp.release.xcconfig"; path = "Target Support Files/Pods-WeatherApp/Pods-WeatherApp.release.xcconfig"; sourceTree = "<group>"; };
/* End PBXFileReference section */

/* Begin PBXFrameworksBuildPhase section */
		3892574424FF2FBD008ABECA /* Frameworks */ = {
			isa = PBXFrameworksBuildPhase;
			buildActionMask = 2147483647;
			files = (
				DF4E1705A6B8E7C1BAE7447A /* Pods_WeatherApp.framework in Frameworks */,
			);
			runOnlyForDeploymentPostprocessing = 0;
		};
/* End PBXFrameworksBuildPhase section */

/* Begin PBXGroup section */
		3818F9F52500229E00EDC9F4 /* Model */ = {
			isa = PBXGroup;
			children = (
				3818F9F6250022C300EDC9F4 /* WeatherHandler.swift */,
				3818F9FA25002B5500EDC9F4 /* Weather Model.swift */,
			);
			path = Model;
			sourceTree = "<group>";
		};
		3892573E24FF2FBD008ABECA = {
			isa = PBXGroup;
			children = (
				3892574924FF2FBD008ABECA /* WeatherApp */,
				3892574824FF2FBD008ABECA /* Products */,
				C18A3426F6311794DE28A41E /* Pods */,
				7F2C812FB39B4F172131FC9E /* Frameworks */,
			);
			sourceTree = "<group>";
		};
		3892574824FF2FBD008ABECA /* Products */ = {
			isa = PBXGroup;
			children = (
				3892574724FF2FBD008ABECA /* WeatherApp.app */,
			);
			name = Products;
			sourceTree = "<group>";
		};
		3892574924FF2FBD008ABECA /* WeatherApp */ = {
			isa = PBXGroup;
			children = (
				3892574A24FF2FBD008ABECA /* AppDelegate.swift */,
				3892574C24FF2FBD008ABECA /* SceneDelegate.swift */,
				3818F9F52500229E00EDC9F4 /* Model */,
				3892575F24FF3002008ABECA /* View */,
				3892575E24FF2FEF008ABECA /* Controller */,
				3892575324FF2FBF008ABECA /* Assets.xcassets */,
				3892575524FF2FBF008ABECA /* LaunchScreen.storyboard */,
				3892575824FF2FBF008ABECA /* Info.plist */,
			);
			path = WeatherApp;
			sourceTree = "<group>";
		};
		3892575E24FF2FEF008ABECA /* Controller */ = {
			isa = PBXGroup;
			children = (
				3892574E24FF2FBD008ABECA /* ViewController.swift */,
			);
			path = Controller;
			sourceTree = "<group>";
		};
		3892575F24FF3002008ABECA /* View */ = {
			isa = PBXGroup;
			children = (
				3892575024FF2FBD008ABECA /* Main.storyboard */,
			);
			path = View;
			sourceTree = "<group>";
		};
		7F2C812FB39B4F172131FC9E /* Frameworks */ = {
			isa = PBXGroup;
			children = (
				062E17056BDF17A121254847 /* Pods_WeatherApp.framework */,
			);
			name = Frameworks;
			sourceTree = "<group>";
		};
		C18A3426F6311794DE28A41E /* Pods */ = {
			isa = PBXGroup;
			children = (
				5FAAD7D1B07F871956C7A827 /* Pods-WeatherApp.debug.xcconfig */,
				87BBEC19A027C77938B0664F /* Pods-WeatherApp.release.xcconfig */,
			);
			path = Pods;
			sourceTree = "<group>";
		};
/* End PBXGroup section */

/* Begin PBXNativeTarget section */
		3892574624FF2FBD008ABECA /* WeatherApp */ = {
			isa = PBXNativeTarget;
			buildConfigurationList = 3892575B24FF2FBF008ABECA /* Build configuration list for PBXNativeTarget "WeatherApp" */;
			buildPhases = (
				738496E4B6D44C2278CDD6E2 /* [CP] Check Pods Manifest.lock */,
				3892574324FF2FBD008ABECA /* Sources */,
				3892574424FF2FBD008ABECA /* Frameworks */,
				3892574524FF2FBD008ABECA /* Resources */,
				9558033F0691147AE7EF954C /* [CP] Embed Pods Frameworks */,
			);
			buildRules = (
			);
			dependencies = (
			);
			name = WeatherApp;
			productName = WeatherApp;
			productReference = 3892574724FF2FBD008ABECA /* WeatherApp.app */;
			productType = "com.apple.product-type.application";
		};
/* End PBXNativeTarget section */

/* Begin PBXProject section */
		3892573F24FF2FBD008ABECA /* Project object */ = {
			isa = PBXProject;
			attributes = {
				LastSwiftUpdateCheck = 1160;
				LastUpgradeCheck = 1160;
				ORGANIZATIONNAME = "Fernando Callejas";
				TargetAttributes = {
					3892574624FF2FBD008ABECA = {
						CreatedOnToolsVersion = 11.6;
					};
				};
			};
			buildConfigurationList = 3892574224FF2FBD008ABECA /* Build configuration list for PBXProject "WeatherApp" */;
			compatibilityVersion = "Xcode 9.3";
			developmentRegion = en;
			hasScannedForEncodings = 0;
			knownRegions = (
				en,
				Base,
			);
			mainGroup = 3892573E24FF2FBD008ABECA;
			productRefGroup = 3892574824FF2FBD008ABECA /* Products */;
			projectDirPath = "";
			projectRoot = "";
			targets = (
				3892574624FF2FBD008ABECA /* WeatherApp */,
			);
		};
/* End PBXProject section */

/* Begin PBXResourcesBuildPhase section */
		3892574524FF2FBD008ABECA /* Resources */ = {
			isa = PBXResourcesBuildPhase;
			buildActionMask = 2147483647;
			files = (
				3892575724FF2FBF008ABECA /* LaunchScreen.storyboard in Resources */,
				3892575424FF2FBF008ABECA /* Assets.xcassets in Resources */,
				3892575224FF2FBD008ABECA /* Main.storyboard in Resources */,
			);
			runOnlyForDeploymentPostprocessing = 0;
		};
/* End PBXResourcesBuildPhase section */

/* Begin PBXShellScriptBuildPhase section */
		738496E4B6D44C2278CDD6E2 /* [CP] Check Pods Manifest.lock */ = {
			isa = PBXShellScriptBuildPhase;
			buildActionMask = 2147483647;
			files = (
			);
			inputFileListPaths = (
			);
			inputPaths = (
				"${PODS_PODFILE_DIR_PATH}/Podfile.lock",
				"${PODS_ROOT}/Manifest.lock",
			);
			name = "[CP] Check Pods Manifest.lock";
			outputFileListPaths = (
			);
			outputPaths = (
				"$(DERIVED_FILE_DIR)/Pods-WeatherApp-checkManifestLockResult.txt",
			);
			runOnlyForDeploymentPostprocessing = 0;
			shellPath = /bin/sh;
			shellScript = "diff \"${PODS_PODFILE_DIR_PATH}/Podfile.lock\" \"${PODS_ROOT}/Manifest.lock\" > /dev/null\nif [ $? != 0 ] ; then\n    # print error to STDERR\n    echo \"error: The sandbox is not in sync with the Podfile.lock. Run 'pod install' or update your CocoaPods installation.\" >&2\n    exit 1\nfi\n# This output is used by Xcode 'outputs' to avoid re-running this script phase.\necho \"SUCCESS\" > \"${SCRIPT_OUTPUT_FILE_0}\"\n";
			showEnvVarsInLog = 0;
		};
		9558033F0691147AE7EF954C /* [CP] Embed Pods Frameworks */ = {
			isa = PBXShellScriptBuildPhase;
			buildActionMask = 2147483647;
			files = (
			);
			inputFileListPaths = (
				"${PODS_ROOT}/Target Support Files/Pods-WeatherApp/Pods-WeatherApp-frameworks-${CONFIGURATION}-input-files.xcfilelist",
			);
			name = "[CP] Embed Pods Frameworks";
			outputFileListPaths = (
				"${PODS_ROOT}/Target Support Files/Pods-WeatherApp/Pods-WeatherApp-frameworks-${CONFIGURATION}-output-files.xcfilelist",
			);
			runOnlyForDeploymentPostprocessing = 0;
			shellPath = /bin/sh;
			shellScript = "\"${PODS_ROOT}/Target Support Files/Pods-WeatherApp/Pods-WeatherApp-frameworks.sh\"\n";
			showEnvVarsInLog = 0;
		};
/* End PBXShellScriptBuildPhase section */

/* Begin PBXSourcesBuildPhase section */
		3892574324FF2FBD008ABECA /* Sources */ = {
			isa = PBXSourcesBuildPhase;
			buildActionMask = 2147483647;
			files = (
				3892574F24FF2FBD008ABECA /* ViewController.swift in Sources */,
				3818F9FB25002B5500EDC9F4 /* Weather Model.swift in Sources */,
				3818F9F7250022C300EDC9F4 /* WeatherHandler.swift in Sources */,
				3892574B24FF2FBD008ABECA /* AppDelegate.swift in Sources */,
				3892574D24FF2FBD008ABECA /* SceneDelegate.swift in Sources */,
			);
			runOnlyForDeploymentPostprocessing = 0;
		};
/* End PBXSourcesBuildPhase section */

/* Begin PBXVariantGroup section */
		3892575024FF2FBD008ABECA /* Main.storyboard */ = {
			isa = PBXVariantGroup;
			children = (
				3892575124FF2FBD008ABECA /* Base */,
			);
			name = Main.storyboard;
			sourceTree = "<group>";
		};
		3892575524FF2FBF008ABECA /* LaunchScreen.storyboard */ = {
			isa = PBXVariantGroup;
			children = (
				3892575624FF2FBF008ABECA /* Base */,
			);
			name = LaunchScreen.storyboard;
			sourceTree = "<group>";
		};
/* End PBXVariantGroup section */

/* Begin XCBuildConfiguration section */
		3892575924FF2FBF008ABECA /* Debug */ = {
			isa = XCBuildConfiguration;
			buildSettings = {
				ALWAYS_SEARCH_USER_PATHS = NO;
				CLANG_ANALYZER_NONNULL = YES;
				CLANG_ANALYZER_NUMBER_OBJECT_CONVERSION = YES_AGGRESSIVE;
				CLANG_CXX_LANGUAGE_STANDARD = "gnu++14";
				CLANG_CXX_LIBRARY = "libc++";
				CLANG_ENABLE_MODULES = YES;
				CLANG_ENABLE_OBJC_ARC = YES;
				CLANG_ENABLE_OBJC_WEAK = YES;
				CLANG_WARN_BLOCK_CAPTURE_AUTORELEASING = YES;
				CLANG_WARN_BOOL_CONVERSION = YES;
				CLANG_WARN_COMMA = YES;
				CLANG_WARN_CONSTANT_CONVERSION = YES;
				CLANG_WARN_DEPRECATED_OBJC_IMPLEMENTATIONS = YES;
				CLANG_WARN_DIRECT_OBJC_ISA_USAGE = YES_ERROR;
				CLANG_WARN_DOCUMENTATION_COMMENTS = YES;
				CLANG_WARN_EMPTY_BODY = YES;
				CLANG_WARN_ENUM_CONVERSION = YES;
				CLANG_WARN_INFINITE_RECURSION = YES;
				CLANG_WARN_INT_CONVERSION = YES;
				CLANG_WARN_NON_LITERAL_NULL_CONVERSION = YES;
				CLANG_WARN_OBJC_IMPLICIT_RETAIN_SELF = YES;
				CLANG_WARN_OBJC_LITERAL_CONVERSION = YES;
				CLANG_WARN_OBJC_ROOT_CLASS = YES_ERROR;
				CLANG_WARN_RANGE_LOOP_ANALYSIS = YES;
				CLANG_WARN_STRICT_PROTOTYPES = YES;
				CLANG_WARN_SUSPICIOUS_MOVE = YES;
				CLANG_WARN_UNGUARDED_AVAILABILITY = YES_AGGRESSIVE;
				CLANG_WARN_UNREACHABLE_CODE = YES;
				CLANG_WARN__DUPLICATE_METHOD_MATCH = YES;
				COPY_PHASE_STRIP = NO;
				DEBUG_INFORMATION_FORMAT = dwarf;
				ENABLE_STRICT_OBJC_MSGSEND = YES;
				ENABLE_TESTABILITY = YES;
				GCC_C_LANGUAGE_STANDARD = gnu11;
				GCC_DYNAMIC_NO_PIC = NO;
				GCC_NO_COMMON_BLOCKS = YES;
				GCC_OPTIMIZATION_LEVEL = 0;
				GCC_PREPROCESSOR_DEFINITIONS = (
					"DEBUG=1",
					"$(inherited)",
				);
				GCC_WARN_64_TO_32_BIT_CONVERSION = YES;
				GCC_WARN_ABOUT_RETURN_TYPE = YES_ERROR;
				GCC_WARN_UNDECLARED_SELECTOR = YES;
				GCC_WARN_UNINITIALIZED_AUTOS = YES_AGGRESSIVE;
				GCC_WARN_UNUSED_FUNCTION = YES;
				GCC_WARN_UNUSED_VARIABLE = YES;
				IPHONEOS_DEPLOYMENT_TARGET = 13.6;
				MTL_ENABLE_DEBUG_INFO = INCLUDE_SOURCE;
				MTL_FAST_MATH = YES;
				ONLY_ACTIVE_ARCH = YES;
				SDKROOT = iphoneos;
				SWIFT_ACTIVE_COMPILATION_CONDITIONS = DEBUG;
				SWIFT_OPTIMIZATION_LEVEL = "-Onone";
			};
			name = Debug;
		};
		3892575A24FF2FBF008ABECA /* Release */ = {
			isa = XCBuildConfiguration;
			buildSettings = {
				ALWAYS_SEARCH_USER_PATHS = NO;
				CLANG_ANALYZER_NONNULL = YES;
				CLANG_ANALYZER_NUMBER_OBJECT_CONVERSION = YES_AGGRESSIVE;
				CLANG_CXX_LANGUAGE_STANDARD = "gnu++14";
				CLANG_CXX_LIBRARY = "libc++";
				CLANG_ENABLE_MODULES = YES;
				CLANG_ENABLE_OBJC_ARC = YES;
				CLANG_ENABLE_OBJC_WEAK = YES;
				CLANG_WARN_BLOCK_CAPTURE_AUTORELEASING = YES;
				CLANG_WARN_BOOL_CONVERSION = YES;
				CLANG_WARN_COMMA = YES;
				CLANG_WARN_CONSTANT_CONVERSION = YES;
				CLANG_WARN_DEPRECATED_OBJC_IMPLEMENTATIONS = YES;
				CLANG_WARN_DIRECT_OBJC_ISA_USAGE = YES_ERROR;
				CLANG_WARN_DOCUMENTATION_COMMENTS = YES;
				CLANG_WARN_EMPTY_BODY = YES;
				CLANG_WARN_ENUM_CONVERSION = YES;
				CLANG_WARN_INFINITE_RECURSION = YES;
				CLANG_WARN_INT_CONVERSION = YES;
				CLANG_WARN_NON_LITERAL_NULL_CONVERSION = YES;
				CLANG_WARN_OBJC_IMPLICIT_RETAIN_SELF = YES;
				CLANG_WARN_OBJC_LITERAL_CONVERSION = YES;
				CLANG_WARN_OBJC_ROOT_CLASS = YES_ERROR;
				CLANG_WARN_RANGE_LOOP_ANALYSIS = YES;
				CLANG_WARN_STRICT_PROTOTYPES = YES;
				CLANG_WARN_SUSPICIOUS_MOVE = YES;
				CLANG_WARN_UNGUARDED_AVAILABILITY = YES_AGGRESSIVE;
				CLANG_WARN_UNREACHABLE_CODE = YES;
				CLANG_WARN__DUPLICATE_METHOD_MATCH = YES;
				COPY_PHASE_STRIP = NO;
				DEBUG_INFORMATION_FORMAT = "dwarf-with-dsym";
				ENABLE_NS_ASSERTIONS = NO;
				ENABLE_STRICT_OBJC_MSGSEND = YES;
				GCC_C_LANGUAGE_STANDARD = gnu11;
				GCC_NO_COMMON_BLOCKS = YES;
				GCC_WARN_64_TO_32_BIT_CONVERSION = YES;
				GCC_WARN_ABOUT_RETURN_TYPE = YES_ERROR;
				GCC_WARN_UNDECLARED_SELECTOR = YES;
				GCC_WARN_UNINITIALIZED_AUTOS = YES_AGGRESSIVE;
				GCC_WARN_UNUSED_FUNCTION = YES;
				GCC_WARN_UNUSED_VARIABLE = YES;
				IPHONEOS_DEPLOYMENT_TARGET = 13.6;
				MTL_ENABLE_DEBUG_INFO = NO;
				MTL_FAST_MATH = YES;
				SDKROOT = iphoneos;
				SWIFT_COMPILATION_MODE = wholemodule;
				SWIFT_OPTIMIZATION_LEVEL = "-O";
				VALIDATE_PRODUCT = YES;
			};
			name = Release;
		};
		3892575C24FF2FBF008ABECA /* Debug */ = {
			isa = XCBuildConfiguration;
			baseConfigurationReference = 5FAAD7D1B07F871956C7A827 /* Pods-WeatherApp.debug.xcconfig */;
			buildSettings = {
				ASSETCATALOG_COMPILER_APPICON_NAME = AppIcon;
				CODE_SIGN_STYLE = Automatic;
				DEVELOPMENT_TEAM = XL9L4JVB38;
				INFOPLIST_FILE = WeatherApp/Info.plist;
				LD_RUNPATH_SEARCH_PATHS = (
					"$(inherited)",
					"@executable_path/Frameworks",
				);
				PRODUCT_BUNDLE_IDENTIFIER = com.fernandocallejas.WeatherApp;
				PRODUCT_NAME = "$(TARGET_NAME)";
				SWIFT_VERSION = 5.0;
				TARGETED_DEVICE_FAMILY = "1,2";
			};
			name = Debug;
		};
		3892575D24FF2FBF008ABECA /* Release */ = {
			isa = XCBuildConfiguration;
			baseConfigurationReference = 87BBEC19A027C77938B0664F /* Pods-WeatherApp.release.xcconfig */;
			buildSettings = {
				ASSETCATALOG_COMPILER_APPICON_NAME = AppIcon;
				CODE_SIGN_STYLE = Automatic;
				DEVELOPMENT_TEAM = XL9L4JVB38;
				INFOPLIST_FILE = WeatherApp/Info.plist;
				LD_RUNPATH_SEARCH_PATHS = (
					"$(inherited)",
					"@executable_path/Frameworks",
				);
				PRODUCT_BUNDLE_IDENTIFIER = com.fernandocallejas.WeatherApp;
				PRODUCT_NAME = "$(TARGET_NAME)";
				SWIFT_VERSION = 5.0;
				TARGETED_DEVICE_FAMILY = "1,2";
			};
			name = Release;
		};
/* End XCBuildConfiguration section */

/* Begin XCConfigurationList section */
		3892574224FF2FBD008ABECA /* Build configuration list for PBXProject "WeatherApp" */ = {
			isa = XCConfigurationList;
			buildConfigurations = (
				3892575924FF2FBF008ABECA /* Debug */,
				3892575A24FF2FBF008ABECA /* Release */,
			);
			defaultConfigurationIsVisible = 0;
			defaultConfigurationName = Release;
		};
		3892575B24FF2FBF008ABECA /* Build configuration list for PBXNativeTarget "WeatherApp" */ = {
			isa = XCConfigurationList;
			buildConfigurations = (
				3892575C24FF2FBF008ABECA /* Debug */,
				3892575D24FF2FBF008ABECA /* Release */,
			);
			defaultConfigurationIsVisible = 0;
			defaultConfigurationName = Release;
		};
/* End XCConfigurationList section */
	};
	rootObject = 3892573F24FF2FBD008ABECA /* Project object */;
}
